// !$*UTF8*$!
{
	archiveVersion = 1;
	classes = {
	};
	objectVersion = 55;
	objects = {

/* Begin PBXBuildFile section */
		300596B9284DDF07009665F2 /* iosCatAppApp.swift in Sources */ = {isa = PBXBuildFile; fileRef = 300596B8284DDF07009665F2 /* iosCatAppApp.swift */; };
		300596BB284DDF07009665F2 /* ContentView.swift in Sources */ = {isa = PBXBuildFile; fileRef = 300596BA284DDF07009665F2 /* ContentView.swift */; };
		300596BD284DDF0D009665F2 /* Assets.xcassets in Resources */ = {isa = PBXBuildFile; fileRef = 300596BC284DDF0D009665F2 /* Assets.xcassets */; };
		300596C0284DDF0D009665F2 /* Preview Assets.xcassets in Resources */ = {isa = PBXBuildFile; fileRef = 300596BF284DDF0D009665F2 /* Preview Assets.xcassets */; };
		300596C9284E09D0009665F2 /* BreedListView.swift in Sources */ = {isa = PBXBuildFile; fileRef = 300596C8284E09D0009665F2 /* BreedListView.swift */; };
		300596CC284E1083009665F2 /* Breed.swift in Sources */ = {isa = PBXBuildFile; fileRef = 300596CB284E1083009665F2 /* Breed.swift */; };
		300596CE284E1519009665F2 /* BreedListItemView.swift in Sources */ = {isa = PBXBuildFile; fileRef = 300596CD284E1519009665F2 /* BreedListItemView.swift */; };
		300596D9284E20D7009665F2 /* BreedRouter.swift in Sources */ = {isa = PBXBuildFile; fileRef = 300596D1284E20D7009665F2 /* BreedRouter.swift */; };
		300596DB284E20D7009665F2 /* APIManager.swift in Sources */ = {isa = PBXBuildFile; fileRef = 300596D3284E20D7009665F2 /* APIManager.swift */; };
		300596DC284E20D7009665F2 /* APIError.swift in Sources */ = {isa = PBXBuildFile; fileRef = 300596D5284E20D7009665F2 /* APIError.swift */; };
		300596DD284E20D7009665F2 /* HTTPMethod.swift in Sources */ = {isa = PBXBuildFile; fileRef = 300596D6284E20D7009665F2 /* HTTPMethod.swift */; };
		300596DE284E20D7009665F2 /* HTTPHeader.swift in Sources */ = {isa = PBXBuildFile; fileRef = 300596D7284E20D7009665F2 /* HTTPHeader.swift */; };
		300596DF284E20D7009665F2 /* Endpoint.swift in Sources */ = {isa = PBXBuildFile; fileRef = 300596D8284E20D7009665F2 /* Endpoint.swift */; };
		300596E2284F2EB4009665F2 /* Logger.swift in Sources */ = {isa = PBXBuildFile; fileRef = 300596E1284F2EB4009665F2 /* Logger.swift */; };
/* End PBXBuildFile section */

/* Begin PBXFileReference section */
		300596B5284DDF07009665F2 /* iosCatApp.app */ = {isa = PBXFileReference; explicitFileType = wrapper.application; includeInIndex = 0; path = iosCatApp.app; sourceTree = BUILT_PRODUCTS_DIR; };
		300596B8284DDF07009665F2 /* iosCatAppApp.swift */ = {isa = PBXFileReference; lastKnownFileType = sourcecode.swift; path = iosCatAppApp.swift; sourceTree = "<group>"; };
		300596BA284DDF07009665F2 /* ContentView.swift */ = {isa = PBXFileReference; lastKnownFileType = sourcecode.swift; path = ContentView.swift; sourceTree = "<group>"; };
		300596BC284DDF0D009665F2 /* Assets.xcassets */ = {isa = PBXFileReference; lastKnownFileType = folder.assetcatalog; path = Assets.xcassets; sourceTree = "<group>"; };
		300596BF284DDF0D009665F2 /* Preview Assets.xcassets */ = {isa = PBXFileReference; lastKnownFileType = folder.assetcatalog; path = "Preview Assets.xcassets"; sourceTree = "<group>"; };
		300596C8284E09D0009665F2 /* BreedListView.swift */ = {isa = PBXFileReference; lastKnownFileType = sourcecode.swift; path = BreedListView.swift; sourceTree = "<group>"; };
		300596CB284E1083009665F2 /* Breed.swift */ = {isa = PBXFileReference; lastKnownFileType = sourcecode.swift; path = Breed.swift; sourceTree = "<group>"; };
		300596CD284E1519009665F2 /* BreedListItemView.swift */ = {isa = PBXFileReference; lastKnownFileType = sourcecode.swift; path = BreedListItemView.swift; sourceTree = "<group>"; };
		300596D1284E20D7009665F2 /* BreedRouter.swift */ = {isa = PBXFileReference; fileEncoding = 4; lastKnownFileType = sourcecode.swift; path = BreedRouter.swift; sourceTree = "<group>"; };
		300596D3284E20D7009665F2 /* APIManager.swift */ = {isa = PBXFileReference; fileEncoding = 4; lastKnownFileType = sourcecode.swift; path = APIManager.swift; sourceTree = "<group>"; };
		300596D5284E20D7009665F2 /* APIError.swift */ = {isa = PBXFileReference; fileEncoding = 4; lastKnownFileType = sourcecode.swift; path = APIError.swift; sourceTree = "<group>"; };
		300596D6284E20D7009665F2 /* HTTPMethod.swift */ = {isa = PBXFileReference; fileEncoding = 4; lastKnownFileType = sourcecode.swift; path = HTTPMethod.swift; sourceTree = "<group>"; };
		300596D7284E20D7009665F2 /* HTTPHeader.swift */ = {isa = PBXFileReference; fileEncoding = 4; lastKnownFileType = sourcecode.swift; path = HTTPHeader.swift; sourceTree = "<group>"; };
		300596D8284E20D7009665F2 /* Endpoint.swift */ = {isa = PBXFileReference; fileEncoding = 4; lastKnownFileType = sourcecode.swift; path = Endpoint.swift; sourceTree = "<group>"; };
		300596E1284F2EB4009665F2 /* Logger.swift */ = {isa = PBXFileReference; lastKnownFileType = sourcecode.swift; path = Logger.swift; sourceTree = "<group>"; };
/* End PBXFileReference section */

/* Begin PBXFrameworksBuildPhase section */
		300596B2284DDF07009665F2 /* Frameworks */ = {
			isa = PBXFrameworksBuildPhase;
			buildActionMask = 2147483647;
			files = (
			);
			runOnlyForDeploymentPostprocessing = 0;
		};
/* End PBXFrameworksBuildPhase section */

/* Begin PBXGroup section */
		300596AC284DDF07009665F2 = {
			isa = PBXGroup;
			children = (
				300596B7284DDF07009665F2 /* iosCatApp */,
				300596B6284DDF07009665F2 /* Products */,
			);
			sourceTree = "<group>";
		};
		300596B6284DDF07009665F2 /* Products */ = {
			isa = PBXGroup;
			children = (
				300596B5284DDF07009665F2 /* iosCatApp.app */,
			);
			name = Products;
			sourceTree = "<group>";
		};
		300596B7284DDF07009665F2 /* iosCatApp */ = {
			isa = PBXGroup;
			children = (
				300596E0284F2E91009665F2 /* Logger */,
				300596CF284E20D7009665F2 /* API */,
				300596CA284E0F23009665F2 /* Model */,
				300596C6284DFC29009665F2 /* Scenes */,
				300596B8284DDF07009665F2 /* iosCatAppApp.swift */,
				300596BC284DDF0D009665F2 /* Assets.xcassets */,
				300596BE284DDF0D009665F2 /* Preview Content */,
			);
			path = iosCatApp;
			sourceTree = "<group>";
		};
		300596BE284DDF0D009665F2 /* Preview Content */ = {
			isa = PBXGroup;
			children = (
				300596BF284DDF0D009665F2 /* Preview Assets.xcassets */,
			);
			path = "Preview Content";
			sourceTree = "<group>";
		};
		300596C6284DFC29009665F2 /* Scenes */ = {
			isa = PBXGroup;
			children = (
				300596C7284E093D009665F2 /* Breeds */,
				300596BA284DDF07009665F2 /* ContentView.swift */,
			);
			path = Scenes;
			sourceTree = "<group>";
		};
		300596C7284E093D009665F2 /* Breeds */ = {
			isa = PBXGroup;
			children = (
				300596C8284E09D0009665F2 /* BreedListView.swift */,
				300596CD284E1519009665F2 /* BreedListItemView.swift */,
			);
			path = Breeds;
			sourceTree = "<group>";
		};
		300596CA284E0F23009665F2 /* Model */ = {
			isa = PBXGroup;
			children = (
				300596CB284E1083009665F2 /* Breed.swift */,
			);
			path = Model;
			sourceTree = "<group>";
		};
		300596CF284E20D7009665F2 /* API */ = {
			isa = PBXGroup;
			children = (
				300596D0284E20D7009665F2 /* Routers */,
				300596D3284E20D7009665F2 /* APIManager.swift */,
				300596D4284E20D7009665F2 /* Utilities */,
				300596D8284E20D7009665F2 /* Endpoint.swift */,
			);
			path = API;
			sourceTree = "<group>";
		};
		300596D0284E20D7009665F2 /* Routers */ = {
			isa = PBXGroup;
			children = (
				300596D1284E20D7009665F2 /* BreedRouter.swift */,
			);
			path = Routers;
			sourceTree = "<group>";
		};
		300596D4284E20D7009665F2 /* Utilities */ = {
			isa = PBXGroup;
			children = (
				300596D5284E20D7009665F2 /* APIError.swift */,
				300596D6284E20D7009665F2 /* HTTPMethod.swift */,
				300596D7284E20D7009665F2 /* HTTPHeader.swift */,
			);
			path = Utilities;
			sourceTree = "<group>";
		};
		300596E0284F2E91009665F2 /* Logger */ = {
			isa = PBXGroup;
			children = (
				300596E1284F2EB4009665F2 /* Logger.swift */,
			);
			path = Logger;
			sourceTree = "<group>";
		};
/* End PBXGroup section */

/* Begin PBXNativeTarget section */
		300596B4284DDF07009665F2 /* iosCatApp */ = {
			isa = PBXNativeTarget;
			buildConfigurationList = 300596C3284DDF0D009665F2 /* Build configuration list for PBXNativeTarget "iosCatApp" */;
			buildPhases = (
				300596B1284DDF07009665F2 /* Sources */,
				300596B2284DDF07009665F2 /* Frameworks */,
				300596B3284DDF07009665F2 /* Resources */,
			);
			buildRules = (
			);
			dependencies = (
			);
			name = iosCatApp;
			productName = iosCatApp;
			productReference = 300596B5284DDF07009665F2 /* iosCatApp.app */;
			productType = "com.apple.product-type.application";
		};
/* End PBXNativeTarget section */

/* Begin PBXProject section */
		300596AD284DDF07009665F2 /* Project object */ = {
			isa = PBXProject;
			attributes = {
				BuildIndependentTargetsInParallel = 1;
				LastSwiftUpdateCheck = 1340;
				LastUpgradeCheck = 1340;
				TargetAttributes = {
					300596B4284DDF07009665F2 = {
						CreatedOnToolsVersion = 13.4;
					};
				};
			};
			buildConfigurationList = 300596B0284DDF07009665F2 /* Build configuration list for PBXProject "iosCatApp" */;
			compatibilityVersion = "Xcode 13.0";
			developmentRegion = en;
			hasScannedForEncodings = 0;
			knownRegions = (
				en,
				Base,
			);
			mainGroup = 300596AC284DDF07009665F2;
			productRefGroup = 300596B6284DDF07009665F2 /* Products */;
			projectDirPath = "";
			projectRoot = "";
			targets = (
				300596B4284DDF07009665F2 /* iosCatApp */,
			);
		};
/* End PBXProject section */

/* Begin PBXResourcesBuildPhase section */
		300596B3284DDF07009665F2 /* Resources */ = {
			isa = PBXResourcesBuildPhase;
			buildActionMask = 2147483647;
			files = (
				300596C0284DDF0D009665F2 /* Preview Assets.xcassets in Resources */,
				300596BD284DDF0D009665F2 /* Assets.xcassets in Resources */,
			);
			runOnlyForDeploymentPostprocessing = 0;
		};
/* End PBXResourcesBuildPhase section */

/* Begin PBXSourcesBuildPhase section */
		300596B1284DDF07009665F2 /* Sources */ = {
			isa = PBXSourcesBuildPhase;
			buildActionMask = 2147483647;
			files = (
				300596DB284E20D7009665F2 /* APIManager.swift in Sources */,
				300596CC284E1083009665F2 /* Breed.swift in Sources */,
				300596CE284E1519009665F2 /* BreedListItemView.swift in Sources */,
				300596BB284DDF07009665F2 /* ContentView.swift in Sources */,
				300596C9284E09D0009665F2 /* BreedListView.swift in Sources */,
				300596D9284E20D7009665F2 /* BreedRouter.swift in Sources */,
				300596B9284DDF07009665F2 /* iosCatAppApp.swift in Sources */,
				300596DE284E20D7009665F2 /* HTTPHeader.swift in Sources */,
				300596E2284F2EB4009665F2 /* Logger.swift in Sources */,
				300596DD284E20D7009665F2 /* HTTPMethod.swift in Sources */,
				300596DF284E20D7009665F2 /* Endpoint.swift in Sources */,
				300596DC284E20D7009665F2 /* APIError.swift in Sources */,
			);
			runOnlyForDeploymentPostprocessing = 0;
		};
/* End PBXSourcesBuildPhase section */

/* Begin XCBuildConfiguration section */
		300596C1284DDF0D009665F2 /* Debug */ = {
			isa = XCBuildConfiguration;
			buildSettings = {
				ALWAYS_SEARCH_USER_PATHS = NO;
				CLANG_ANALYZER_NONNULL = YES;
				CLANG_ANALYZER_NUMBER_OBJECT_CONVERSION = YES_AGGRESSIVE;
				CLANG_CXX_LANGUAGE_STANDARD = "gnu++17";
				CLANG_ENABLE_MODULES = YES;
				CLANG_ENABLE_OBJC_ARC = YES;
				CLANG_ENABLE_OBJC_WEAK = YES;
				CLANG_WARN_BLOCK_CAPTURE_AUTORELEASING = YES;
				CLANG_WARN_BOOL_CONVERSION = YES;
				CLANG_WARN_COMMA = YES;
				CLANG_WARN_CONSTANT_CONVERSION = YES;
				CLANG_WARN_DEPRECATED_OBJC_IMPLEMENTATIONS = YES;
				CLANG_WARN_DIRECT_OBJC_ISA_USAGE = YES_ERROR;
				CLANG_WARN_DOCUMENTATION_COMMENTS = YES;
				CLANG_WARN_EMPTY_BODY = YES;
				CLANG_WARN_ENUM_CONVERSION = YES;
				CLANG_WARN_INFINITE_RECURSION = YES;
				CLANG_WARN_INT_CONVERSION = YES;
				CLANG_WARN_NON_LITERAL_NULL_CONVERSION = YES;
				CLANG_WARN_OBJC_IMPLICIT_RETAIN_SELF = YES;
				CLANG_WARN_OBJC_LITERAL_CONVERSION = YES;
				CLANG_WARN_OBJC_ROOT_CLASS = YES_ERROR;
				CLANG_WARN_QUOTED_INCLUDE_IN_FRAMEWORK_HEADER = YES;
				CLANG_WARN_RANGE_LOOP_ANALYSIS = YES;
				CLANG_WARN_STRICT_PROTOTYPES = YES;
				CLANG_WARN_SUSPICIOUS_MOVE = YES;
				CLANG_WARN_UNGUARDED_AVAILABILITY = YES_AGGRESSIVE;
				CLANG_WARN_UNREACHABLE_CODE = YES;
				CLANG_WARN__DUPLICATE_METHOD_MATCH = YES;
				COPY_PHASE_STRIP = NO;
				DEBUG_INFORMATION_FORMAT = dwarf;
				ENABLE_STRICT_OBJC_MSGSEND = YES;
				ENABLE_TESTABILITY = YES;
				GCC_C_LANGUAGE_STANDARD = gnu11;
				GCC_DYNAMIC_NO_PIC = NO;
				GCC_NO_COMMON_BLOCKS = YES;
				GCC_OPTIMIZATION_LEVEL = 0;
				GCC_PREPROCESSOR_DEFINITIONS = (
					"DEBUG=1",
					"$(inherited)",
				);
				GCC_WARN_64_TO_32_BIT_CONVERSION = YES;
				GCC_WARN_ABOUT_RETURN_TYPE = YES_ERROR;
				GCC_WARN_UNDECLARED_SELECTOR = YES;
				GCC_WARN_UNINITIALIZED_AUTOS = YES_AGGRESSIVE;
				GCC_WARN_UNUSED_FUNCTION = YES;
				GCC_WARN_UNUSED_VARIABLE = YES;
				IPHONEOS_DEPLOYMENT_TARGET = 15.5;
				MTL_ENABLE_DEBUG_INFO = INCLUDE_SOURCE;
				MTL_FAST_MATH = YES;
				ONLY_ACTIVE_ARCH = YES;
				SDKROOT = iphoneos;
				SWIFT_ACTIVE_COMPILATION_CONDITIONS = DEBUG;
				SWIFT_OPTIMIZATION_LEVEL = "-Onone";
			};
			name = Debug;
		};
		300596C2284DDF0D009665F2 /* Release */ = {
			isa = XCBuildConfiguration;
			buildSettings = {
				ALWAYS_SEARCH_USER_PATHS = NO;
				CLANG_ANALYZER_NONNULL = YES;
				CLANG_ANALYZER_NUMBER_OBJECT_CONVERSION = YES_AGGRESSIVE;
				CLANG_CXX_LANGUAGE_STANDARD = "gnu++17";
				CLANG_ENABLE_MODULES = YES;
				CLANG_ENABLE_OBJC_ARC = YES;
				CLANG_ENABLE_OBJC_WEAK = YES;
				CLANG_WARN_BLOCK_CAPTURE_AUTORELEASING = YES;
				CLANG_WARN_BOOL_CONVERSION = YES;
				CLANG_WARN_COMMA = YES;
				CLANG_WARN_CONSTANT_CONVERSION = YES;
				CLANG_WARN_DEPRECATED_OBJC_IMPLEMENTATIONS = YES;
				CLANG_WARN_DIRECT_OBJC_ISA_USAGE = YES_ERROR;
				CLANG_WARN_DOCUMENTATION_COMMENTS = YES;
				CLANG_WARN_EMPTY_BODY = YES;
				CLANG_WARN_ENUM_CONVERSION = YES;
				CLANG_WARN_INFINITE_RECURSION = YES;
				CLANG_WARN_INT_CONVERSION = YES;
				CLANG_WARN_NON_LITERAL_NULL_CONVERSION = YES;
				CLANG_WARN_OBJC_IMPLICIT_RETAIN_SELF = YES;
				CLANG_WARN_OBJC_LITERAL_CONVERSION = YES;
				CLANG_WARN_OBJC_ROOT_CLASS = YES_ERROR;
				CLANG_WARN_QUOTED_INCLUDE_IN_FRAMEWORK_HEADER = YES;
				CLANG_WARN_RANGE_LOOP_ANALYSIS = YES;
				CLANG_WARN_STRICT_PROTOTYPES = YES;
				CLANG_WARN_SUSPICIOUS_MOVE = YES;
				CLANG_WARN_UNGUARDED_AVAILABILITY = YES_AGGRESSIVE;
				CLANG_WARN_UNREACHABLE_CODE = YES;
				CLANG_WARN__DUPLICATE_METHOD_MATCH = YES;
				COPY_PHASE_STRIP = NO;
				DEBUG_INFORMATION_FORMAT = "dwarf-with-dsym";
				ENABLE_NS_ASSERTIONS = NO;
				ENABLE_STRICT_OBJC_MSGSEND = YES;
				GCC_C_LANGUAGE_STANDARD = gnu11;
				GCC_NO_COMMON_BLOCKS = YES;
				GCC_WARN_64_TO_32_BIT_CONVERSION = YES;
				GCC_WARN_ABOUT_RETURN_TYPE = YES_ERROR;
				GCC_WARN_UNDECLARED_SELECTOR = YES;
				GCC_WARN_UNINITIALIZED_AUTOS = YES_AGGRESSIVE;
				GCC_WARN_UNUSED_FUNCTION = YES;
				GCC_WARN_UNUSED_VARIABLE = YES;
				IPHONEOS_DEPLOYMENT_TARGET = 15.5;
				MTL_ENABLE_DEBUG_INFO = NO;
				MTL_FAST_MATH = YES;
				SDKROOT = iphoneos;
				SWIFT_COMPILATION_MODE = wholemodule;
				SWIFT_OPTIMIZATION_LEVEL = "-O";
				VALIDATE_PRODUCT = YES;
			};
			name = Release;
		};
		300596C4284DDF0D009665F2 /* Debug */ = {
			isa = XCBuildConfiguration;
			buildSettings = {
				ASSETCATALOG_COMPILER_APPICON_NAME = AppIcon;
				ASSETCATALOG_COMPILER_GLOBAL_ACCENT_COLOR_NAME = AccentColor;
				CODE_SIGN_STYLE = Automatic;
				CURRENT_PROJECT_VERSION = 1;
				DEVELOPMENT_ASSET_PATHS = "\"iosCatApp/Preview Content\"";
				ENABLE_PREVIEWS = YES;
				GENERATE_INFOPLIST_FILE = YES;
				INFOPLIST_KEY_UIApplicationSceneManifest_Generation = YES;
				INFOPLIST_KEY_UIApplicationSupportsIndirectInputEvents = YES;
				INFOPLIST_KEY_UILaunchScreen_Generation = YES;
				INFOPLIST_KEY_UISupportedInterfaceOrientations_iPad = "UIInterfaceOrientationPortrait UIInterfaceOrientationPortraitUpsideDown UIInterfaceOrientationLandscapeLeft UIInterfaceOrientationLandscapeRight";
				INFOPLIST_KEY_UISupportedInterfaceOrientations_iPhone = "UIInterfaceOrientationPortrait UIInterfaceOrientationLandscapeLeft UIInterfaceOrientationLandscapeRight";
				LD_RUNPATH_SEARCH_PATHS = (
					"$(inherited)",
					"@executable_path/Frameworks",
				);
				MARKETING_VERSION = 1.0;
				PRODUCT_BUNDLE_IDENTIFIER = com.gardavsky.iosCatApp;
				PRODUCT_NAME = "$(TARGET_NAME)";
				SWIFT_EMIT_LOC_STRINGS = YES;
				SWIFT_VERSION = 5.0;
				TARGETED_DEVICE_FAMILY = "1,2";
			};
			name = Debug;
		};
		300596C5284DDF0D009665F2 /* Release */ = {
			isa = XCBuildConfiguration;
			buildSettings = {
				ASSETCATALOG_COMPILER_APPICON_NAME = AppIcon;
				ASSETCATALOG_COMPILER_GLOBAL_ACCENT_COLOR_NAME = AccentColor;
				CODE_SIGN_STYLE = Automatic;
				CURRENT_PROJECT_VERSION = 1;
				DEVELOPMENT_ASSET_PATHS = "\"iosCatApp/Preview Content\"";
				ENABLE_PREVIEWS = YES;
				GENERATE_INFOPLIST_FILE = YES;
				INFOPLIST_KEY_UIApplicationSceneManifest_Generation = YES;
				INFOPLIST_KEY_UIApplicationSupportsIndirectInputEvents = YES;
				INFOPLIST_KEY_UILaunchScreen_Generation = YES;
				INFOPLIST_KEY_UISupportedInterfaceOrientations_iPad = "UIInterfaceOrientationPortrait UIInterfaceOrientationPortraitUpsideDown UIInterfaceOrientationLandscapeLeft UIInterfaceOrientationLandscapeRight";
				INFOPLIST_KEY_UISupportedInterfaceOrientations_iPhone = "UIInterfaceOrientationPortrait UIInterfaceOrientationLandscapeLeft UIInterfaceOrientationLandscapeRight";
				LD_RUNPATH_SEARCH_PATHS = (
					"$(inherited)",
					"@executable_path/Frameworks",
				);
				MARKETING_VERSION = 1.0;
				PRODUCT_BUNDLE_IDENTIFIER = com.gardavsky.iosCatApp;
				PRODUCT_NAME = "$(TARGET_NAME)";
				SWIFT_EMIT_LOC_STRINGS = YES;
				SWIFT_VERSION = 5.0;
				TARGETED_DEVICE_FAMILY = "1,2";
			};
			name = Release;
		};
/* End XCBuildConfiguration section */

/* Begin XCConfigurationList section */
		300596B0284DDF07009665F2 /* Build configuration list for PBXProject "iosCatApp" */ = {
			isa = XCConfigurationList;
			buildConfigurations = (
				300596C1284DDF0D009665F2 /* Debug */,
				300596C2284DDF0D009665F2 /* Release */,
			);
			defaultConfigurationIsVisible = 0;
			defaultConfigurationName = Release;
		};
		300596C3284DDF0D009665F2 /* Build configuration list for PBXNativeTarget "iosCatApp" */ = {
			isa = XCConfigurationList;
			buildConfigurations = (
				300596C4284DDF0D009665F2 /* Debug */,
				300596C5284DDF0D009665F2 /* Release */,
			);
			defaultConfigurationIsVisible = 0;
			defaultConfigurationName = Release;
		};
/* End XCConfigurationList section */
	};
	rootObject = 300596AD284DDF07009665F2 /* Project object */;
}
